{
  "requires": true,
  "lockfileVersion": 1,
  "dependencies": {
    "google-closure-library": {
      "version": "20211201.0.0",
      "resolved": "https://registry.npmjs.org/google-closure-library/-/google-closure-library-20211201.0.0.tgz",
      "integrity": "sha512-yMwimtds4GVPBKyUGRQ2x1V5/+FTYSkh+y4PSK1LdYi15Ux9nXkD59hBX8IFAFuoqkiXq4Nm8jSZnEth6iV8Gg=="
    }
  }
}
